
Microsoft Visual Studio Solution File, Format Version 12.00
# Visual Studio Version 17
VisualStudioVersion = 17.2.32602.215
MinimumVisualStudioVersion = 10.0.40219.1
Project("{FAE04EC0-301F-11D3-BF4B-00C04F79EFBC}") = "DataCaptureService", "DataCaptureService\DataCaptureService.csproj", "{316B20D6-414F-4C8E-AB49-391F8D9FB37E}"
EndProject
Project("{FAE04EC0-301F-11D3-BF4B-00C04F79EFBC}") = "ProcessingService", "ProcessingServer\ProcessingService.csproj", "{66B70CD8-6FE4-4B7C-A5AE-7A2FEC5F661A}"
EndProject
Global
	GlobalSection(SolutionConfigurationPlatforms) = preSolution
		Debug|Any CPU = Debug|Any CPU
		Release|Any CPU = Release|Any CPU
	EndGlobalSection
	GlobalSection(ProjectConfigurationPlatforms) = postSolution
		{316B20D6-414F-4C8E-AB49-391F8D9FB37E}.Debug|Any CPU.ActiveCfg = Debug|Any CPU
		{316B20D6-414F-4C8E-AB49-391F8D9FB37E}.Debug|Any CPU.Build.0 = Debug|Any CPU
		{316B20D6-414F-4C8E-AB49-391F8D9FB37E}.Release|Any CPU.ActiveCfg = Release|Any CPU
		{316B20D6-414F-4C8E-AB49-391F8D9FB37E}.Release|Any CPU.Build.0 = Release|Any CPU
		{66B70CD8-6FE4-4B7C-A5AE-7A2FEC5F661A}.Debug|Any CPU.ActiveCfg = Debug|Any CPU
		{66B70CD8-6FE4-4B7C-A5AE-7A2FEC5F661A}.Debug|Any CPU.Build.0 = Debug|Any CPU
		{66B70CD8-6FE4-4B7C-A5AE-7A2FEC5F661A}.Release|Any CPU.ActiveCfg = Release|Any CPU
		{66B70CD8-6FE4-4B7C-A5AE-7A2FEC5F661A}.Release|Any CPU.Build.0 = Release|Any CPU
	EndGlobalSection
	GlobalSection(SolutionProperties) = preSolution
		HideSolutionNode = FALSE
	EndGlobalSection
	GlobalSection(ExtensibilityGlobals) = postSolution
		SolutionGuid = {06000BEB-E1DE-4CE3-8E00-88D337A9E00B}
	EndGlobalSection
EndGlobal
